
Microsoft Visual Studio Solution File, Format Version 12.00
# Visual Studio Version 17
VisualStudioVersion = 17.9.34723.18
MinimumVisualStudioVersion = 10.0.40219.1
Project("{FAE04EC0-301F-11D3-BF4B-00C04F79EFBC}") = "Eletro Domesticos", "Eletro Domesticos\Eletro Domesticos.csproj", "{C01C1473-4BBF-4503-B50B-9C3115615958}"
EndProject
Global
	GlobalSection(SolutionConfigurationPlatforms) = preSolution
		Debug|Any CPU = Debug|Any CPU
		Release|Any CPU = Release|Any CPU
	EndGlobalSection
	GlobalSection(ProjectConfigurationPlatforms) = postSolution
		{C01C1473-4BBF-4503-B50B-9C3115615958}.Debug|Any CPU.ActiveCfg = Debug|Any CPU
		{C01C1473-4BBF-4503-B50B-9C3115615958}.Debug|Any CPU.Build.0 = Debug|Any CPU
		{C01C1473-4BBF-4503-B50B-9C3115615958}.Release|Any CPU.ActiveCfg = Release|Any CPU
		{C01C1473-4BBF-4503-B50B-9C3115615958}.Release|Any CPU.Build.0 = Release|Any CPU
	EndGlobalSection
	GlobalSection(SolutionProperties) = preSolution
		HideSolutionNode = FALSE
	EndGlobalSection
	GlobalSection(ExtensibilityGlobals) = postSolution
		SolutionGuid = {216A3BF2-1FA6-4C06-9474-D0974081C638}
	EndGlobalSection
EndGlobal
